
Microsoft Visual Studio Solution File, Format Version 12.00
# Visual Studio Version 17
VisualStudioVersion = 17.8.34309.116
MinimumVisualStudioVersion = 10.0.40219.1
Project("{9A19103F-16F7-4668-BE54-9A1E7A4F7556}") = "AssignmentAppNetMhart2", "AssignmentAppNetMhart2\AssignmentAppNetMhart2.csproj", "{F4F321F9-73FC-4DE6-8A59-16C1A37B091B}"
EndProject
Project("{FAE04EC0-301F-11D3-BF4B-00C04F79EFBC}") = "AssignmentAppNetMhart2_Test", "AssignmentAppNetMhart2_Test\AssignmentAppNetMhart2_Test.csproj", "{9885DAF5-F2BC-4F14-ABCC-9E39D90A35FD}"
EndProject
Global
	GlobalSection(SolutionConfigurationPlatforms) = preSolution
		Debug|Any CPU = Debug|Any CPU
		Release|Any CPU = Release|Any CPU
	EndGlobalSection
	GlobalSection(ProjectConfigurationPlatforms) = postSolution
		{F4F321F9-73FC-4DE6-8A59-16C1A37B091B}.Debug|Any CPU.ActiveCfg = Debug|Any CPU
		{F4F321F9-73FC-4DE6-8A59-16C1A37B091B}.Debug|Any CPU.Build.0 = Debug|Any CPU
		{F4F321F9-73FC-4DE6-8A59-16C1A37B091B}.Release|Any CPU.ActiveCfg = Release|Any CPU
		{F4F321F9-73FC-4DE6-8A59-16C1A37B091B}.Release|Any CPU.Build.0 = Release|Any CPU
		{9885DAF5-F2BC-4F14-ABCC-9E39D90A35FD}.Debug|Any CPU.ActiveCfg = Debug|Any CPU
		{9885DAF5-F2BC-4F14-ABCC-9E39D90A35FD}.Debug|Any CPU.Build.0 = Debug|Any CPU
		{9885DAF5-F2BC-4F14-ABCC-9E39D90A35FD}.Release|Any CPU.ActiveCfg = Release|Any CPU
		{9885DAF5-F2BC-4F14-ABCC-9E39D90A35FD}.Release|Any CPU.Build.0 = Release|Any CPU
	EndGlobalSection
	GlobalSection(SolutionProperties) = preSolution
		HideSolutionNode = FALSE
	EndGlobalSection
	GlobalSection(ExtensibilityGlobals) = postSolution
		SolutionGuid = {C03DDCD9-8EB3-4264-B8B2-EB4B56699AC1}
	EndGlobalSection
EndGlobal
